// !$*UTF8*$!
{
	archiveVersion = 1;
	classes = {
	};
	objectVersion = 46;
	objects = {

/* Begin PBXBuildFile section */
		84D59F5C1E3FC820004DD501 /* AppDelegate.swift in Sources */ = {isa = PBXBuildFile; fileRef = 84D59F5B1E3FC820004DD501 /* AppDelegate.swift */; };
		84D59F5E1E3FC820004DD501 /* ViewController.swift in Sources */ = {isa = PBXBuildFile; fileRef = 84D59F5D1E3FC820004DD501 /* ViewController.swift */; };
		84D59F611E3FC820004DD501 /* Main.storyboard in Resources */ = {isa = PBXBuildFile; fileRef = 84D59F5F1E3FC820004DD501 /* Main.storyboard */; };
		84D59F631E3FC820004DD501 /* Assets.xcassets in Resources */ = {isa = PBXBuildFile; fileRef = 84D59F621E3FC820004DD501 /* Assets.xcassets */; };
		84D59F661E3FC820004DD501 /* LaunchScreen.storyboard in Resources */ = {isa = PBXBuildFile; fileRef = 84D59F641E3FC820004DD501 /* LaunchScreen.storyboard */; };
		84D59F711E3FC820004DD501 /* LionsTigersBearsTests.swift in Sources */ = {isa = PBXBuildFile; fileRef = 84D59F701E3FC820004DD501 /* LionsTigersBearsTests.swift */; };
		84D59F7C1E3FC821004DD501 /* LionsTigersBearsUITests.swift in Sources */ = {isa = PBXBuildFile; fileRef = 84D59F7B1E3FC821004DD501 /* LionsTigersBearsUITests.swift */; };
		84D59F8B1E3FCCA0004DD501 /* lionsTigersBears.jpg in Resources */ = {isa = PBXBuildFile; fileRef = 84D59F8A1E3FCCA0004DD501 /* lionsTigersBears.jpg */; };
		84D59F8D1E3FE2BE004DD501 /* LionsVC.swift in Sources */ = {isa = PBXBuildFile; fileRef = 84D59F8C1E3FE2BE004DD501 /* LionsVC.swift */; };
		84D59F8F1E3FE344004DD501 /* Lion.swift in Sources */ = {isa = PBXBuildFile; fileRef = 84D59F8E1E3FE344004DD501 /* Lion.swift */; };
/* End PBXBuildFile section */

/* Begin PBXContainerItemProxy section */
		84D59F6D1E3FC820004DD501 /* PBXContainerItemProxy */ = {
			isa = PBXContainerItemProxy;
			containerPortal = 84D59F501E3FC820004DD501 /* Project object */;
			proxyType = 1;
			remoteGlobalIDString = 84D59F571E3FC820004DD501;
			remoteInfo = LionsTigersBears;
		};
		84D59F781E3FC821004DD501 /* PBXContainerItemProxy */ = {
			isa = PBXContainerItemProxy;
			containerPortal = 84D59F501E3FC820004DD501 /* Project object */;
			proxyType = 1;
			remoteGlobalIDString = 84D59F571E3FC820004DD501;
			remoteInfo = LionsTigersBears;
		};
/* End PBXContainerItemProxy section */

/* Begin PBXFileReference section */
		84D59F581E3FC820004DD501 /* LionsTigersBears.app */ = {isa = PBXFileReference; explicitFileType = wrapper.application; includeInIndex = 0; path = LionsTigersBears.app; sourceTree = BUILT_PRODUCTS_DIR; };
		84D59F5B1E3FC820004DD501 /* AppDelegate.swift */ = {isa = PBXFileReference; lastKnownFileType = sourcecode.swift; path = AppDelegate.swift; sourceTree = "<group>"; };
		84D59F5D1E3FC820004DD501 /* ViewController.swift */ = {isa = PBXFileReference; lastKnownFileType = sourcecode.swift; path = ViewController.swift; sourceTree = "<group>"; };
		84D59F601E3FC820004DD501 /* Base */ = {isa = PBXFileReference; lastKnownFileType = file.storyboard; name = Base; path = Base.lproj/Main.storyboard; sourceTree = "<group>"; };
		84D59F621E3FC820004DD501 /* Assets.xcassets */ = {isa = PBXFileReference; lastKnownFileType = folder.assetcatalog; path = Assets.xcassets; sourceTree = "<group>"; };
		84D59F651E3FC820004DD501 /* Base */ = {isa = PBXFileReference; lastKnownFileType = file.storyboard; name = Base; path = Base.lproj/LaunchScreen.storyboard; sourceTree = "<group>"; };
		84D59F671E3FC820004DD501 /* Info.plist */ = {isa = PBXFileReference; lastKnownFileType = text.plist.xml; path = Info.plist; sourceTree = "<group>"; };
		84D59F6C1E3FC820004DD501 /* LionsTigersBearsTests.xctest */ = {isa = PBXFileReference; explicitFileType = wrapper.cfbundle; includeInIndex = 0; path = LionsTigersBearsTests.xctest; sourceTree = BUILT_PRODUCTS_DIR; };
		84D59F701E3FC820004DD501 /* LionsTigersBearsTests.swift */ = {isa = PBXFileReference; lastKnownFileType = sourcecode.swift; path = LionsTigersBearsTests.swift; sourceTree = "<group>"; };
		84D59F721E3FC820004DD501 /* Info.plist */ = {isa = PBXFileReference; lastKnownFileType = text.plist.xml; path = Info.plist; sourceTree = "<group>"; };
		84D59F771E3FC821004DD501 /* LionsTigersBearsUITests.xctest */ = {isa = PBXFileReference; explicitFileType = wrapper.cfbundle; includeInIndex = 0; path = LionsTigersBearsUITests.xctest; sourceTree = BUILT_PRODUCTS_DIR; };
		84D59F7B1E3FC821004DD501 /* LionsTigersBearsUITests.swift */ = {isa = PBXFileReference; lastKnownFileType = sourcecode.swift; path = LionsTigersBearsUITests.swift; sourceTree = "<group>"; };
		84D59F7D1E3FC821004DD501 /* Info.plist */ = {isa = PBXFileReference; lastKnownFileType = text.plist.xml; path = Info.plist; sourceTree = "<group>"; };
		84D59F8A1E3FCCA0004DD501 /* lionsTigersBears.jpg */ = {isa = PBXFileReference; lastKnownFileType = image.jpeg; path = lionsTigersBears.jpg; sourceTree = "<group>"; };
		84D59F8C1E3FE2BE004DD501 /* LionsVC.swift */ = {isa = PBXFileReference; fileEncoding = 4; lastKnownFileType = sourcecode.swift; path = LionsVC.swift; sourceTree = "<group>"; };
		84D59F8E1E3FE344004DD501 /* Lion.swift */ = {isa = PBXFileReference; fileEncoding = 4; lastKnownFileType = sourcecode.swift; name = Lion.swift; path = ../Lion.swift; sourceTree = "<group>"; };
/* End PBXFileReference section */

/* Begin PBXFrameworksBuildPhase section */
		84D59F551E3FC820004DD501 /* Frameworks */ = {
			isa = PBXFrameworksBuildPhase;
			buildActionMask = 2147483647;
			files = (
			);
			runOnlyForDeploymentPostprocessing = 0;
		};
		84D59F691E3FC820004DD501 /* Frameworks */ = {
			isa = PBXFrameworksBuildPhase;
			buildActionMask = 2147483647;
			files = (
			);
			runOnlyForDeploymentPostprocessing = 0;
		};
		84D59F741E3FC821004DD501 /* Frameworks */ = {
			isa = PBXFrameworksBuildPhase;
			buildActionMask = 2147483647;
			files = (
			);
			runOnlyForDeploymentPostprocessing = 0;
		};
/* End PBXFrameworksBuildPhase section */

/* Begin PBXGroup section */
		84D59F4F1E3FC820004DD501 = {
			isa = PBXGroup;
			children = (
				84D59F5A1E3FC820004DD501 /* LionsTigersBears */,
				84D59F6F1E3FC820004DD501 /* LionsTigersBearsTests */,
				84D59F7A1E3FC821004DD501 /* LionsTigersBearsUITests */,
				84D59F591E3FC820004DD501 /* Products */,
			);
			sourceTree = "<group>";
		};
		84D59F591E3FC820004DD501 /* Products */ = {
			isa = PBXGroup;
			children = (
				84D59F581E3FC820004DD501 /* LionsTigersBears.app */,
				84D59F6C1E3FC820004DD501 /* LionsTigersBearsTests.xctest */,
				84D59F771E3FC821004DD501 /* LionsTigersBearsUITests.xctest */,
			);
			name = Products;
			sourceTree = "<group>";
		};
		84D59F5A1E3FC820004DD501 /* LionsTigersBears */ = {
			isa = PBXGroup;
			children = (
				84D59F891E3FCC5E004DD501 /* Images */,
				84D59F5B1E3FC820004DD501 /* AppDelegate.swift */,
				84D59F8E1E3FE344004DD501 /* Lion.swift */,
				84D59F8C1E3FE2BE004DD501 /* LionsVC.swift */,
				84D59F5D1E3FC820004DD501 /* ViewController.swift */,
				84D59F5F1E3FC820004DD501 /* Main.storyboard */,
				84D59F621E3FC820004DD501 /* Assets.xcassets */,
				84D59F641E3FC820004DD501 /* LaunchScreen.storyboard */,
				84D59F671E3FC820004DD501 /* Info.plist */,
			);
			path = LionsTigersBears;
			sourceTree = "<group>";
		};
		84D59F6F1E3FC820004DD501 /* LionsTigersBearsTests */ = {
			isa = PBXGroup;
			children = (
				84D59F701E3FC820004DD501 /* LionsTigersBearsTests.swift */,
				84D59F721E3FC820004DD501 /* Info.plist */,
			);
			path = LionsTigersBearsTests;
			sourceTree = "<group>";
		};
		84D59F7A1E3FC821004DD501 /* LionsTigersBearsUITests */ = {
			isa = PBXGroup;
			children = (
				84D59F7B1E3FC821004DD501 /* LionsTigersBearsUITests.swift */,
				84D59F7D1E3FC821004DD501 /* Info.plist */,
			);
			path = LionsTigersBearsUITests;
			sourceTree = "<group>";
		};
		84D59F891E3FCC5E004DD501 /* Images */ = {
			isa = PBXGroup;
			children = (
				84D59F8A1E3FCCA0004DD501 /* lionsTigersBears.jpg */,
			);
			name = Images;
			sourceTree = "<group>";
		};
/* End PBXGroup section */

/* Begin PBXNativeTarget section */
		84D59F571E3FC820004DD501 /* LionsTigersBears */ = {
			isa = PBXNativeTarget;
			buildConfigurationList = 84D59F801E3FC821004DD501 /* Build configuration list for PBXNativeTarget "LionsTigersBears" */;
			buildPhases = (
				84D59F541E3FC820004DD501 /* Sources */,
				84D59F551E3FC820004DD501 /* Frameworks */,
				84D59F561E3FC820004DD501 /* Resources */,
			);
			buildRules = (
			);
			dependencies = (
			);
			name = LionsTigersBears;
			productName = LionsTigersBears;
			productReference = 84D59F581E3FC820004DD501 /* LionsTigersBears.app */;
			productType = "com.apple.product-type.application";
		};
		84D59F6B1E3FC820004DD501 /* LionsTigersBearsTests */ = {
			isa = PBXNativeTarget;
			buildConfigurationList = 84D59F831E3FC821004DD501 /* Build configuration list for PBXNativeTarget "LionsTigersBearsTests" */;
			buildPhases = (
				84D59F681E3FC820004DD501 /* Sources */,
				84D59F691E3FC820004DD501 /* Frameworks */,
				84D59F6A1E3FC820004DD501 /* Resources */,
			);
			buildRules = (
			);
			dependencies = (
				84D59F6E1E3FC820004DD501 /* PBXTargetDependency */,
			);
			name = LionsTigersBearsTests;
			productName = LionsTigersBearsTests;
			productReference = 84D59F6C1E3FC820004DD501 /* LionsTigersBearsTests.xctest */;
			productType = "com.apple.product-type.bundle.unit-test";
		};
		84D59F761E3FC821004DD501 /* LionsTigersBearsUITests */ = {
			isa = PBXNativeTarget;
			buildConfigurationList = 84D59F861E3FC821004DD501 /* Build configuration list for PBXNativeTarget "LionsTigersBearsUITests" */;
			buildPhases = (
				84D59F731E3FC821004DD501 /* Sources */,
				84D59F741E3FC821004DD501 /* Frameworks */,
				84D59F751E3FC821004DD501 /* Resources */,
			);
			buildRules = (
			);
			dependencies = (
				84D59F791E3FC821004DD501 /* PBXTargetDependency */,
			);
			name = LionsTigersBearsUITests;
			productName = LionsTigersBearsUITests;
			productReference = 84D59F771E3FC821004DD501 /* LionsTigersBearsUITests.xctest */;
			productType = "com.apple.product-type.bundle.ui-testing";
		};
/* End PBXNativeTarget section */

/* Begin PBXProject section */
		84D59F501E3FC820004DD501 /* Project object */ = {
			isa = PBXProject;
			attributes = {
				LastSwiftUpdateCheck = 0800;
				LastUpgradeCheck = 0800;
				ORGANIZATIONNAME = admin;
				TargetAttributes = {
					84D59F571E3FC820004DD501 = {
						CreatedOnToolsVersion = 8.0;
						ProvisioningStyle = Automatic;
					};
					84D59F6B1E3FC820004DD501 = {
						CreatedOnToolsVersion = 8.0;
						ProvisioningStyle = Automatic;
						TestTargetID = 84D59F571E3FC820004DD501;
					};
					84D59F761E3FC821004DD501 = {
						CreatedOnToolsVersion = 8.0;
						ProvisioningStyle = Automatic;
						TestTargetID = 84D59F571E3FC820004DD501;
					};
				};
			};
			buildConfigurationList = 84D59F531E3FC820004DD501 /* Build configuration list for PBXProject "LionsTigersBears" */;
			compatibilityVersion = "Xcode 3.2";
			developmentRegion = English;
			hasScannedForEncodings = 0;
			knownRegions = (
				en,
				Base,
			);
			mainGroup = 84D59F4F1E3FC820004DD501;
			productRefGroup = 84D59F591E3FC820004DD501 /* Products */;
			projectDirPath = "";
			projectRoot = "";
			targets = (
				84D59F571E3FC820004DD501 /* LionsTigersBears */,
				84D59F6B1E3FC820004DD501 /* LionsTigersBearsTests */,
				84D59F761E3FC821004DD501 /* LionsTigersBearsUITests */,
			);
		};
/* End PBXProject section */

/* Begin PBXResourcesBuildPhase section */
		84D59F561E3FC820004DD501 /* Resources */ = {
			isa = PBXResourcesBuildPhase;
			buildActionMask = 2147483647;
			files = (
				84D59F661E3FC820004DD501 /* LaunchScreen.storyboard in Resources */,
				84D59F631E3FC820004DD501 /* Assets.xcassets in Resources */,
				84D59F611E3FC820004DD501 /* Main.storyboard in Resources */,
				84D59F8B1E3FCCA0004DD501 /* lionsTigersBears.jpg in Resources */,
			);
			runOnlyForDeploymentPostprocessing = 0;
		};
		84D59F6A1E3FC820004DD501 /* Resources */ = {
			isa = PBXResourcesBuildPhase;
			buildActionMask = 2147483647;
			files = (
			);
			runOnlyForDeploymentPostprocessing = 0;
		};
		84D59F751E3FC821004DD501 /* Resources */ = {
			isa = PBXResourcesBuildPhase;
			buildActionMask = 2147483647;
			files = (
			);
			runOnlyForDeploymentPostprocessing = 0;
		};
/* End PBXResourcesBuildPhase section */

/* Begin PBXSourcesBuildPhase section */
		84D59F541E3FC820004DD501 /* Sources */ = {
			isa = PBXSourcesBuildPhase;
			buildActionMask = 2147483647;
			files = (
				84D59F5E1E3FC820004DD501 /* ViewController.swift in Sources */,
				84D59F5C1E3FC820004DD501 /* AppDelegate.swift in Sources */,
				84D59F8D1E3FE2BE004DD501 /* LionsVC.swift in Sources */,
				84D59F8F1E3FE344004DD501 /* Lion.swift in Sources */,
			);
			runOnlyForDeploymentPostprocessing = 0;
		};
		84D59F681E3FC820004DD501 /* Sources */ = {
			isa = PBXSourcesBuildPhase;
			buildActionMask = 2147483647;
			files = (
				84D59F711E3FC820004DD501 /* LionsTigersBearsTests.swift in Sources */,
			);
			runOnlyForDeploymentPostprocessing = 0;
		};
		84D59F731E3FC821004DD501 /* Sources */ = {
			isa = PBXSourcesBuildPhase;
			buildActionMask = 2147483647;
			files = (
				84D59F7C1E3FC821004DD501 /* LionsTigersBearsUITests.swift in Sources */,
			);
			runOnlyForDeploymentPostprocessing = 0;
		};
/* End PBXSourcesBuildPhase section */

/* Begin PBXTargetDependency section */
		84D59F6E1E3FC820004DD501 /* PBXTargetDependency */ = {
			isa = PBXTargetDependency;
			target = 84D59F571E3FC820004DD501 /* LionsTigersBears */;
			targetProxy = 84D59F6D1E3FC820004DD501 /* PBXContainerItemProxy */;
		};
		84D59F791E3FC821004DD501 /* PBXTargetDependency */ = {
			isa = PBXTargetDependency;
			target = 84D59F571E3FC820004DD501 /* LionsTigersBears */;
			targetProxy = 84D59F781E3FC821004DD501 /* PBXContainerItemProxy */;
		};
/* End PBXTargetDependency section */

/* Begin PBXVariantGroup section */
		84D59F5F1E3FC820004DD501 /* Main.storyboard */ = {
			isa = PBXVariantGroup;
			children = (
				84D59F601E3FC820004DD501 /* Base */,
			);
			name = Main.storyboard;
			sourceTree = "<group>";
		};
		84D59F641E3FC820004DD501 /* LaunchScreen.storyboard */ = {
			isa = PBXVariantGroup;
			children = (
				84D59F651E3FC820004DD501 /* Base */,
			);
			name = LaunchScreen.storyboard;
			sourceTree = "<group>";
		};
/* End PBXVariantGroup section */

/* Begin XCBuildConfiguration section */
		84D59F7E1E3FC821004DD501 /* Debug */ = {
			isa = XCBuildConfiguration;
			buildSettings = {
				ALWAYS_SEARCH_USER_PATHS = NO;
				CLANG_ANALYZER_NONNULL = YES;
				CLANG_CXX_LANGUAGE_STANDARD = "gnu++0x";
				CLANG_CXX_LIBRARY = "libc++";
				CLANG_ENABLE_MODULES = YES;
				CLANG_ENABLE_OBJC_ARC = YES;
				CLANG_WARN_BOOL_CONVERSION = YES;
				CLANG_WARN_CONSTANT_CONVERSION = YES;
				CLANG_WARN_DIRECT_OBJC_ISA_USAGE = YES_ERROR;
				CLANG_WARN_DOCUMENTATION_COMMENTS = YES;
				CLANG_WARN_EMPTY_BODY = YES;
				CLANG_WARN_ENUM_CONVERSION = YES;
				CLANG_WARN_INFINITE_RECURSION = YES;
				CLANG_WARN_INT_CONVERSION = YES;
				CLANG_WARN_OBJC_ROOT_CLASS = YES_ERROR;
				CLANG_WARN_SUSPICIOUS_MOVES = YES;
				CLANG_WARN_UNREACHABLE_CODE = YES;
				CLANG_WARN__DUPLICATE_METHOD_MATCH = YES;
				"CODE_SIGN_IDENTITY[sdk=iphoneos*]" = "iPhone Developer";
				COPY_PHASE_STRIP = NO;
				DEBUG_INFORMATION_FORMAT = dwarf;
				ENABLE_STRICT_OBJC_MSGSEND = YES;
				ENABLE_TESTABILITY = YES;
				GCC_C_LANGUAGE_STANDARD = gnu99;
				GCC_DYNAMIC_NO_PIC = NO;
				GCC_NO_COMMON_BLOCKS = YES;
				GCC_OPTIMIZATION_LEVEL = 0;
				GCC_PREPROCESSOR_DEFINITIONS = (
					"DEBUG=1",
					"$(inherited)",
				);
				GCC_WARN_64_TO_32_BIT_CONVERSION = YES;
				GCC_WARN_ABOUT_RETURN_TYPE = YES_ERROR;
				GCC_WARN_UNDECLARED_SELECTOR = YES;
				GCC_WARN_UNINITIALIZED_AUTOS = YES_AGGRESSIVE;
				GCC_WARN_UNUSED_FUNCTION = YES;
				GCC_WARN_UNUSED_VARIABLE = YES;
				IPHONEOS_DEPLOYMENT_TARGET = 10.0;
				MTL_ENABLE_DEBUG_INFO = YES;
				ONLY_ACTIVE_ARCH = YES;
				SDKROOT = iphoneos;
				SWIFT_ACTIVE_COMPILATION_CONDITIONS = DEBUG;
				SWIFT_OPTIMIZATION_LEVEL = "-Onone";
				TARGETED_DEVICE_FAMILY = "1,2";
			};
			name = Debug;
		};
		84D59F7F1E3FC821004DD501 /* Release */ = {
			isa = XCBuildConfiguration;
			buildSettings = {
				ALWAYS_SEARCH_USER_PATHS = NO;
				CLANG_ANALYZER_NONNULL = YES;
				CLANG_CXX_LANGUAGE_STANDARD = "gnu++0x";
				CLANG_CXX_LIBRARY = "libc++";
				CLANG_ENABLE_MODULES = YES;
				CLANG_ENABLE_OBJC_ARC = YES;
				CLANG_WARN_BOOL_CONVERSION = YES;
				CLANG_WARN_CONSTANT_CONVERSION = YES;
				CLANG_WARN_DIRECT_OBJC_ISA_USAGE = YES_ERROR;
				CLANG_WARN_DOCUMENTATION_COMMENTS = YES;
				CLANG_WARN_EMPTY_BODY = YES;
				CLANG_WARN_ENUM_CONVERSION = YES;
				CLANG_WARN_INFINITE_RECURSION = YES;
				CLANG_WARN_INT_CONVERSION = YES;
				CLANG_WARN_OBJC_ROOT_CLASS = YES_ERROR;
				CLANG_WARN_SUSPICIOUS_MOVES = YES;
				CLANG_WARN_UNREACHABLE_CODE = YES;
				CLANG_WARN__DUPLICATE_METHOD_MATCH = YES;
				"CODE_SIGN_IDENTITY[sdk=iphoneos*]" = "iPhone Developer";
				COPY_PHASE_STRIP = NO;
				DEBUG_INFORMATION_FORMAT = "dwarf-with-dsym";
				ENABLE_NS_ASSERTIONS = NO;
				ENABLE_STRICT_OBJC_MSGSEND = YES;
				GCC_C_LANGUAGE_STANDARD = gnu99;
				GCC_NO_COMMON_BLOCKS = YES;
				GCC_WARN_64_TO_32_BIT_CONVERSION = YES;
				GCC_WARN_ABOUT_RETURN_TYPE = YES_ERROR;
				GCC_WARN_UNDECLARED_SELECTOR = YES;
				GCC_WARN_UNINITIALIZED_AUTOS = YES_AGGRESSIVE;
				GCC_WARN_UNUSED_FUNCTION = YES;
				GCC_WARN_UNUSED_VARIABLE = YES;
				IPHONEOS_DEPLOYMENT_TARGET = 10.0;
				MTL_ENABLE_DEBUG_INFO = NO;
				SDKROOT = iphoneos;
				SWIFT_OPTIMIZATION_LEVEL = "-Owholemodule";
				TARGETED_DEVICE_FAMILY = "1,2";
				VALIDATE_PRODUCT = YES;
			};
			name = Release;
		};
		84D59F811E3FC821004DD501 /* Debug */ = {
			isa = XCBuildConfiguration;
			buildSettings = {
				ASSETCATALOG_COMPILER_APPICON_NAME = AppIcon;
				INFOPLIST_FILE = LionsTigersBears/Info.plist;
				LD_RUNPATH_SEARCH_PATHS = "$(inherited) @executable_path/Frameworks";
				PRODUCT_BUNDLE_IDENTIFIER = edu.tstc.phyllis.LionsTigersBears;
				PRODUCT_NAME = "$(TARGET_NAME)";
				SWIFT_VERSION = 3.0;
			};
			name = Debug;
		};
		84D59F821E3FC821004DD501 /* Release */ = {
			isa = XCBuildConfiguration;
			buildSettings = {
				ASSETCATALOG_COMPILER_APPICON_NAME = AppIcon;
				INFOPLIST_FILE = LionsTigersBears/Info.plist;
				LD_RUNPATH_SEARCH_PATHS = "$(inherited) @executable_path/Frameworks";
				PRODUCT_BUNDLE_IDENTIFIER = edu.tstc.phyllis.LionsTigersBears;
				PRODUCT_NAME = "$(TARGET_NAME)";
				SWIFT_VERSION = 3.0;
			};
			name = Release;
		};
		84D59F841E3FC821004DD501 /* Debug */ = {
			isa = XCBuildConfiguration;
			buildSettings = {
				ALWAYS_EMBED_SWIFT_STANDARD_LIBRARIES = YES;
				BUNDLE_LOADER = "$(TEST_HOST)";
				INFOPLIST_FILE = LionsTigersBearsTests/Info.plist;
				LD_RUNPATH_SEARCH_PATHS = "$(inherited) @executable_path/Frameworks @loader_path/Frameworks";
				PRODUCT_BUNDLE_IDENTIFIER = edu.tstc.phyllis.LionsTigersBearsTests;
				PRODUCT_NAME = "$(TARGET_NAME)";
				SWIFT_VERSION = 3.0;
				TEST_HOST = "$(BUILT_PRODUCTS_DIR)/LionsTigersBears.app/LionsTigersBears";
			};
			name = Debug;
		};
		84D59F851E3FC821004DD501 /* Release */ = {
			isa = XCBuildConfiguration;
			buildSettings = {
				ALWAYS_EMBED_SWIFT_STANDARD_LIBRARIES = YES;
				BUNDLE_LOADER = "$(TEST_HOST)";
				INFOPLIST_FILE = LionsTigersBearsTests/Info.plist;
				LD_RUNPATH_SEARCH_PATHS = "$(inherited) @executable_path/Frameworks @loader_path/Frameworks";
				PRODUCT_BUNDLE_IDENTIFIER = edu.tstc.phyllis.LionsTigersBearsTests;
				PRODUCT_NAME = "$(TARGET_NAME)";
				SWIFT_VERSION = 3.0;
				TEST_HOST = "$(BUILT_PRODUCTS_DIR)/LionsTigersBears.app/LionsTigersBears";
			};
			name = Release;
		};
		84D59F871E3FC821004DD501 /* Debug */ = {
			isa = XCBuildConfiguration;
			buildSettings = {
				ALWAYS_EMBED_SWIFT_STANDARD_LIBRARIES = YES;
				INFOPLIST_FILE = LionsTigersBearsUITests/Info.plist;
				LD_RUNPATH_SEARCH_PATHS = "$(inherited) @executable_path/Frameworks @loader_path/Frameworks";
				PRODUCT_BUNDLE_IDENTIFIER = edu.tstc.phyllis.LionsTigersBearsUITests;
				PRODUCT_NAME = "$(TARGET_NAME)";
				SWIFT_VERSION = 3.0;
				TEST_TARGET_NAME = LionsTigersBears;
			};
			name = Debug;
		};
		84D59F881E3FC821004DD501 /* Release */ = {
			isa = XCBuildConfiguration;
			buildSettings = {
				ALWAYS_EMBED_SWIFT_STANDARD_LIBRARIES = YES;
				INFOPLIST_FILE = LionsTigersBearsUITests/Info.plist;
				LD_RUNPATH_SEARCH_PATHS = "$(inherited) @executable_path/Frameworks @loader_path/Frameworks";
				PRODUCT_BUNDLE_IDENTIFIER = edu.tstc.phyllis.LionsTigersBearsUITests;
				PRODUCT_NAME = "$(TARGET_NAME)";
				SWIFT_VERSION = 3.0;
				TEST_TARGET_NAME = LionsTigersBears;
			};
			name = Release;
		};
/* End XCBuildConfiguration section */

/* Begin XCConfigurationList section */
		84D59F531E3FC820004DD501 /* Build configuration list for PBXProject "LionsTigersBears" */ = {
			isa = XCConfigurationList;
			buildConfigurations = (
				84D59F7E1E3FC821004DD501 /* Debug */,
				84D59F7F1E3FC821004DD501 /* Release */,
			);
			defaultConfigurationIsVisible = 0;
			defaultConfigurationName = Release;
		};
		84D59F801E3FC821004DD501 /* Build configuration list for PBXNativeTarget "LionsTigersBears" */ = {
			isa = XCConfigurationList;
			buildConfigurations = (
				84D59F811E3FC821004DD501 /* Debug */,
				84D59F821E3FC821004DD501 /* Release */,
			);
			defaultConfigurationIsVisible = 0;
		};
		84D59F831E3FC821004DD501 /* Build configuration list for PBXNativeTarget "LionsTigersBearsTests" */ = {
			isa = XCConfigurationList;
			buildConfigurations = (
				84D59F841E3FC821004DD501 /* Debug */,
				84D59F851E3FC821004DD501 /* Release */,
			);
			defaultConfigurationIsVisible = 0;
		};
		84D59F861E3FC821004DD501 /* Build configuration list for PBXNativeTarget "LionsTigersBearsUITests" */ = {
			isa = XCConfigurationList;
			buildConfigurations = (
				84D59F871E3FC821004DD501 /* Debug */,
				84D59F881E3FC821004DD501 /* Release */,
			);
			defaultConfigurationIsVisible = 0;
		};
/* End XCConfigurationList section */
	};
	rootObject = 84D59F501E3FC820004DD501 /* Project object */;
}
