// !$*UTF8*$!
{
	archiveVersion = 1;
	classes = {
	};
	objectVersion = 46;
	objects = {

/* Begin PBXBuildFile section */
		70B544F71E413F1100EEDF20 /* AsiaticLion.jpg in Resources */ = {isa = PBXBuildFile; fileRef = 70B544F61E413F1100EEDF20 /* AsiaticLion.jpg */; };
		70B544F91E413F1B00EEDF20 /* BarbaryLion.jpg in Resources */ = {isa = PBXBuildFile; fileRef = 70B544F81E413F1B00EEDF20 /* BarbaryLion.jpg */; };
		70B544FB1E413F2200EEDF20 /* KalahariLion.jpg in Resources */ = {isa = PBXBuildFile; fileRef = 70B544FA1E413F2200EEDF20 /* KalahariLion.jpg */; };
		70B544FD1E413F2800EEDF20 /* KatangaLion.jpg in Resources */ = {isa = PBXBuildFile; fileRef = 70B544FC1E413F2800EEDF20 /* KatangaLion.jpg */; };
		70B544FF1E413F3000EEDF20 /* MasaiLion.jpg in Resources */ = {isa = PBXBuildFile; fileRef = 70B544FE1E413F3000EEDF20 /* MasaiLion.jpg */; };
		70B545011E413F3600EEDF20 /* NortheastCongoLion.jpg in Resources */ = {isa = PBXBuildFile; fileRef = 70B545001E413F3600EEDF20 /* NortheastCongoLion.jpg */; };
		70B545031E413F3C00EEDF20 /* TransvaalLion.jpg in Resources */ = {isa = PBXBuildFile; fileRef = 70B545021E413F3C00EEDF20 /* TransvaalLion.jpg */; };
		70B545051E413F4100EEDF20 /* WestAfricanLion.jpg in Resources */ = {isa = PBXBuildFile; fileRef = 70B545041E413F4100EEDF20 /* WestAfricanLion.jpg */; };
		70B545071E413F4600EEDF20 /* WhiteLion.jpg in Resources */ = {isa = PBXBuildFile; fileRef = 70B545061E413F4600EEDF20 /* WhiteLion.jpg */; };
		70B545091E413F5500EEDF20 /* Andean-bear.jpg in Resources */ = {isa = PBXBuildFile; fileRef = 70B545081E413F5500EEDF20 /* Andean-bear.jpg */; };
		70B5450B1E413F5B00EEDF20 /* Asiatic-Black-bear.jpg in Resources */ = {isa = PBXBuildFile; fileRef = 70B5450A1E413F5B00EEDF20 /* Asiatic-Black-bear.jpg */; };
		70B5450D1E413F6D00EEDF20 /* BlackBear.jpg in Resources */ = {isa = PBXBuildFile; fileRef = 70B5450C1E413F6D00EEDF20 /* BlackBear.jpg */; };
		70B5450F1E413F7500EEDF20 /* Brown.jpg in Resources */ = {isa = PBXBuildFile; fileRef = 70B5450E1E413F7500EEDF20 /* Brown.jpg */; };
		70B545111E413F7C00EEDF20 /* panda.jpg in Resources */ = {isa = PBXBuildFile; fileRef = 70B545101E413F7C00EEDF20 /* panda.jpg */; };
		70B545131E413F8100EEDF20 /* polar-bear.jpg in Resources */ = {isa = PBXBuildFile; fileRef = 70B545121E413F8100EEDF20 /* polar-bear.jpg */; };
		70B545151E413F8600EEDF20 /* Sloth-bear.jpg in Resources */ = {isa = PBXBuildFile; fileRef = 70B545141E413F8600EEDF20 /* Sloth-bear.jpg */; };
		70B545171E413F8B00EEDF20 /* Sun-Bear.jpg in Resources */ = {isa = PBXBuildFile; fileRef = 70B545161E413F8B00EEDF20 /* Sun-Bear.jpg */; };
		70B545191E413F9700EEDF20 /* bali.jpg in Resources */ = {isa = PBXBuildFile; fileRef = 70B545181E413F9700EEDF20 /* bali.jpg */; };
		70B5451B1E413F9F00EEDF20 /* bengal.jpg in Resources */ = {isa = PBXBuildFile; fileRef = 70B5451A1E413F9F00EEDF20 /* bengal.jpg */; };
		70B5451D1E413FA500EEDF20 /* caspian.jpg in Resources */ = {isa = PBXBuildFile; fileRef = 70B5451C1E413FA500EEDF20 /* caspian.jpg */; };
		70B5451F1E413FAB00EEDF20 /* indochinese.jpg in Resources */ = {isa = PBXBuildFile; fileRef = 70B5451E1E413FAB00EEDF20 /* indochinese.jpg */; };
		70B545211E413FB000EEDF20 /* javan.jpg in Resources */ = {isa = PBXBuildFile; fileRef = 70B545201E413FB000EEDF20 /* javan.jpg */; };
		70B545231E413FB500EEDF20 /* malayan.jpg in Resources */ = {isa = PBXBuildFile; fileRef = 70B545221E413FB500EEDF20 /* malayan.jpg */; };
		70B545251E413FB900EEDF20 /* siberian.jpg in Resources */ = {isa = PBXBuildFile; fileRef = 70B545241E413FB900EEDF20 /* siberian.jpg */; };
		70B545271E413FBE00EEDF20 /* south-china.jpg in Resources */ = {isa = PBXBuildFile; fileRef = 70B545261E413FBE00EEDF20 /* south-china.jpg */; };
		70B545291E41401200EEDF20 /* Tiger.swift in Sources */ = {isa = PBXBuildFile; fileRef = 70B545281E41401200EEDF20 /* Tiger.swift */; };
		70B5452B1E41403000EEDF20 /* Bear.swift in Sources */ = {isa = PBXBuildFile; fileRef = 70B5452A1E41403000EEDF20 /* Bear.swift */; };
		70B5452D1E414D4D00EEDF20 /* LionDetailsVC.swift in Sources */ = {isa = PBXBuildFile; fileRef = 70B5452C1E414D4D00EEDF20 /* LionDetailsVC.swift */; };
		70B5452F1E4152C000EEDF20 /* TigerVC.swift in Sources */ = {isa = PBXBuildFile; fileRef = 70B5452E1E4152C000EEDF20 /* TigerVC.swift */; };
		70B545311E4152D500EEDF20 /* BearVC.swift in Sources */ = {isa = PBXBuildFile; fileRef = 70B545301E4152D500EEDF20 /* BearVC.swift */; };
		70F45D6C1E415DF500739872 /* BearDetailVC.swift in Sources */ = {isa = PBXBuildFile; fileRef = 70F45D6B1E415DF500739872 /* BearDetailVC.swift */; };
		70F45D6E1E415E1100739872 /* TigerDetailsVC.swift in Sources */ = {isa = PBXBuildFile; fileRef = 70F45D6D1E415E1100739872 /* TigerDetailsVC.swift */; };
		84D59F5C1E3FC820004DD501 /* AppDelegate.swift in Sources */ = {isa = PBXBuildFile; fileRef = 84D59F5B1E3FC820004DD501 /* AppDelegate.swift */; };
		84D59F5E1E3FC820004DD501 /* ViewController.swift in Sources */ = {isa = PBXBuildFile; fileRef = 84D59F5D1E3FC820004DD501 /* ViewController.swift */; };
		84D59F611E3FC820004DD501 /* Main.storyboard in Resources */ = {isa = PBXBuildFile; fileRef = 84D59F5F1E3FC820004DD501 /* Main.storyboard */; };
		84D59F631E3FC820004DD501 /* Assets.xcassets in Resources */ = {isa = PBXBuildFile; fileRef = 84D59F621E3FC820004DD501 /* Assets.xcassets */; };
		84D59F661E3FC820004DD501 /* LaunchScreen.storyboard in Resources */ = {isa = PBXBuildFile; fileRef = 84D59F641E3FC820004DD501 /* LaunchScreen.storyboard */; };
		84D59F711E3FC820004DD501 /* LionsTigersBearsTests.swift in Sources */ = {isa = PBXBuildFile; fileRef = 84D59F701E3FC820004DD501 /* LionsTigersBearsTests.swift */; };
		84D59F7C1E3FC821004DD501 /* LionsTigersBearsUITests.swift in Sources */ = {isa = PBXBuildFile; fileRef = 84D59F7B1E3FC821004DD501 /* LionsTigersBearsUITests.swift */; };
		84D59F8B1E3FCCA0004DD501 /* lionsTigersBears.jpg in Resources */ = {isa = PBXBuildFile; fileRef = 84D59F8A1E3FCCA0004DD501 /* lionsTigersBears.jpg */; };
		84D59F8D1E3FE2BE004DD501 /* LionsVC.swift in Sources */ = {isa = PBXBuildFile; fileRef = 84D59F8C1E3FE2BE004DD501 /* LionsVC.swift */; };
		84D59F8F1E3FE344004DD501 /* Lion.swift in Sources */ = {isa = PBXBuildFile; fileRef = 84D59F8E1E3FE344004DD501 /* Lion.swift */; };
/* End PBXBuildFile section */

/* Begin PBXContainerItemProxy section */
		84D59F6D1E3FC820004DD501 /* PBXContainerItemProxy */ = {
			isa = PBXContainerItemProxy;
			containerPortal = 84D59F501E3FC820004DD501 /* Project object */;
			proxyType = 1;
			remoteGlobalIDString = 84D59F571E3FC820004DD501;
			remoteInfo = LionsTigersBears;
		};
		84D59F781E3FC821004DD501 /* PBXContainerItemProxy */ = {
			isa = PBXContainerItemProxy;
			containerPortal = 84D59F501E3FC820004DD501 /* Project object */;
			proxyType = 1;
			remoteGlobalIDString = 84D59F571E3FC820004DD501;
			remoteInfo = LionsTigersBears;
		};
/* End PBXContainerItemProxy section */

/* Begin PBXFileReference section */
		70B544F61E413F1100EEDF20 /* AsiaticLion.jpg */ = {isa = PBXFileReference; lastKnownFileType = image.jpeg; path = AsiaticLion.jpg; sourceTree = "<group>"; };
		70B544F81E413F1B00EEDF20 /* BarbaryLion.jpg */ = {isa = PBXFileReference; lastKnownFileType = image.jpeg; path = BarbaryLion.jpg; sourceTree = "<group>"; };
		70B544FA1E413F2200EEDF20 /* KalahariLion.jpg */ = {isa = PBXFileReference; lastKnownFileType = image.jpeg; path = KalahariLion.jpg; sourceTree = "<group>"; };
		70B544FC1E413F2800EEDF20 /* KatangaLion.jpg */ = {isa = PBXFileReference; lastKnownFileType = image.jpeg; path = KatangaLion.jpg; sourceTree = "<group>"; };
		70B544FE1E413F3000EEDF20 /* MasaiLion.jpg */ = {isa = PBXFileReference; lastKnownFileType = image.jpeg; path = MasaiLion.jpg; sourceTree = "<group>"; };
		70B545001E413F3600EEDF20 /* NortheastCongoLion.jpg */ = {isa = PBXFileReference; lastKnownFileType = image.jpeg; path = NortheastCongoLion.jpg; sourceTree = "<group>"; };
		70B545021E413F3C00EEDF20 /* TransvaalLion.jpg */ = {isa = PBXFileReference; lastKnownFileType = image.jpeg; path = TransvaalLion.jpg; sourceTree = "<group>"; };
		70B545041E413F4100EEDF20 /* WestAfricanLion.jpg */ = {isa = PBXFileReference; lastKnownFileType = image.jpeg; path = WestAfricanLion.jpg; sourceTree = "<group>"; };
		70B545061E413F4600EEDF20 /* WhiteLion.jpg */ = {isa = PBXFileReference; lastKnownFileType = image.jpeg; path = WhiteLion.jpg; sourceTree = "<group>"; };
		70B545081E413F5500EEDF20 /* Andean-bear.jpg */ = {isa = PBXFileReference; lastKnownFileType = image.jpeg; path = "Andean-bear.jpg"; sourceTree = "<group>"; };
		70B5450A1E413F5B00EEDF20 /* Asiatic-Black-bear.jpg */ = {isa = PBXFileReference; lastKnownFileType = image.jpeg; path = "Asiatic-Black-bear.jpg"; sourceTree = "<group>"; };
		70B5450C1E413F6D00EEDF20 /* BlackBear.jpg */ = {isa = PBXFileReference; lastKnownFileType = image.jpeg; path = BlackBear.jpg; sourceTree = "<group>"; };
		70B5450E1E413F7500EEDF20 /* Brown.jpg */ = {isa = PBXFileReference; lastKnownFileType = image.jpeg; path = Brown.jpg; sourceTree = "<group>"; };
		70B545101E413F7C00EEDF20 /* panda.jpg */ = {isa = PBXFileReference; lastKnownFileType = image.jpeg; path = panda.jpg; sourceTree = "<group>"; };
		70B545121E413F8100EEDF20 /* polar-bear.jpg */ = {isa = PBXFileReference; lastKnownFileType = image.jpeg; path = "polar-bear.jpg"; sourceTree = "<group>"; };
		70B545141E413F8600EEDF20 /* Sloth-bear.jpg */ = {isa = PBXFileReference; lastKnownFileType = image.jpeg; path = "Sloth-bear.jpg"; sourceTree = "<group>"; };
		70B545161E413F8B00EEDF20 /* Sun-Bear.jpg */ = {isa = PBXFileReference; lastKnownFileType = image.jpeg; path = "Sun-Bear.jpg"; sourceTree = "<group>"; };
		70B545181E413F9700EEDF20 /* bali.jpg */ = {isa = PBXFileReference; lastKnownFileType = image.jpeg; path = bali.jpg; sourceTree = "<group>"; };
		70B5451A1E413F9F00EEDF20 /* bengal.jpg */ = {isa = PBXFileReference; lastKnownFileType = image.jpeg; path = bengal.jpg; sourceTree = "<group>"; };
		70B5451C1E413FA500EEDF20 /* caspian.jpg */ = {isa = PBXFileReference; lastKnownFileType = image.jpeg; path = caspian.jpg; sourceTree = "<group>"; };
		70B5451E1E413FAB00EEDF20 /* indochinese.jpg */ = {isa = PBXFileReference; lastKnownFileType = image.jpeg; path = indochinese.jpg; sourceTree = "<group>"; };
		70B545201E413FB000EEDF20 /* javan.jpg */ = {isa = PBXFileReference; lastKnownFileType = image.jpeg; path = javan.jpg; sourceTree = "<group>"; };
		70B545221E413FB500EEDF20 /* malayan.jpg */ = {isa = PBXFileReference; lastKnownFileType = image.jpeg; path = malayan.jpg; sourceTree = "<group>"; };
		70B545241E413FB900EEDF20 /* siberian.jpg */ = {isa = PBXFileReference; lastKnownFileType = image.jpeg; path = siberian.jpg; sourceTree = "<group>"; };
		70B545261E413FBE00EEDF20 /* south-china.jpg */ = {isa = PBXFileReference; lastKnownFileType = image.jpeg; path = "south-china.jpg"; sourceTree = "<group>"; };
		70B545281E41401200EEDF20 /* Tiger.swift */ = {isa = PBXFileReference; fileEncoding = 4; lastKnownFileType = sourcecode.swift; name = Tiger.swift; path = ../Tiger.swift; sourceTree = "<group>"; };
		70B5452A1E41403000EEDF20 /* Bear.swift */ = {isa = PBXFileReference; fileEncoding = 4; lastKnownFileType = sourcecode.swift; name = Bear.swift; path = ../Bear.swift; sourceTree = "<group>"; };
		70B5452C1E414D4D00EEDF20 /* LionDetailsVC.swift */ = {isa = PBXFileReference; fileEncoding = 4; lastKnownFileType = sourcecode.swift; path = LionDetailsVC.swift; sourceTree = "<group>"; };
		70B5452E1E4152C000EEDF20 /* TigerVC.swift */ = {isa = PBXFileReference; fileEncoding = 4; lastKnownFileType = sourcecode.swift; path = TigerVC.swift; sourceTree = "<group>"; };
		70B545301E4152D500EEDF20 /* BearVC.swift */ = {isa = PBXFileReference; fileEncoding = 4; lastKnownFileType = sourcecode.swift; path = BearVC.swift; sourceTree = "<group>"; };
		70F45D6B1E415DF500739872 /* BearDetailVC.swift */ = {isa = PBXFileReference; fileEncoding = 4; lastKnownFileType = sourcecode.swift; path = BearDetailVC.swift; sourceTree = "<group>"; };
		70F45D6D1E415E1100739872 /* TigerDetailsVC.swift */ = {isa = PBXFileReference; fileEncoding = 4; lastKnownFileType = sourcecode.swift; path = TigerDetailsVC.swift; sourceTree = "<group>"; };
		84D59F581E3FC820004DD501 /* LionsTigersBears.app */ = {isa = PBXFileReference; explicitFileType = wrapper.application; includeInIndex = 0; path = LionsTigersBears.app; sourceTree = BUILT_PRODUCTS_DIR; };
		84D59F5B1E3FC820004DD501 /* AppDelegate.swift */ = {isa = PBXFileReference; lastKnownFileType = sourcecode.swift; path = AppDelegate.swift; sourceTree = "<group>"; };
		84D59F5D1E3FC820004DD501 /* ViewController.swift */ = {isa = PBXFileReference; lastKnownFileType = sourcecode.swift; path = ViewController.swift; sourceTree = "<group>"; };
		84D59F601E3FC820004DD501 /* Base */ = {isa = PBXFileReference; lastKnownFileType = file.storyboard; name = Base; path = Base.lproj/Main.storyboard; sourceTree = "<group>"; };
		84D59F621E3FC820004DD501 /* Assets.xcassets */ = {isa = PBXFileReference; lastKnownFileType = folder.assetcatalog; path = Assets.xcassets; sourceTree = "<group>"; };
		84D59F651E3FC820004DD501 /* Base */ = {isa = PBXFileReference; lastKnownFileType = file.storyboard; name = Base; path = Base.lproj/LaunchScreen.storyboard; sourceTree = "<group>"; };
		84D59F671E3FC820004DD501 /* Info.plist */ = {isa = PBXFileReference; lastKnownFileType = text.plist.xml; path = Info.plist; sourceTree = "<group>"; };
		84D59F6C1E3FC820004DD501 /* LionsTigersBearsTests.xctest */ = {isa = PBXFileReference; explicitFileType = wrapper.cfbundle; includeInIndex = 0; path = LionsTigersBearsTests.xctest; sourceTree = BUILT_PRODUCTS_DIR; };
		84D59F701E3FC820004DD501 /* LionsTigersBearsTests.swift */ = {isa = PBXFileReference; lastKnownFileType = sourcecode.swift; path = LionsTigersBearsTests.swift; sourceTree = "<group>"; };
		84D59F721E3FC820004DD501 /* Info.plist */ = {isa = PBXFileReference; lastKnownFileType = text.plist.xml; path = Info.plist; sourceTree = "<group>"; };
		84D59F771E3FC821004DD501 /* LionsTigersBearsUITests.xctest */ = {isa = PBXFileReference; explicitFileType = wrapper.cfbundle; includeInIndex = 0; path = LionsTigersBearsUITests.xctest; sourceTree = BUILT_PRODUCTS_DIR; };
		84D59F7B1E3FC821004DD501 /* LionsTigersBearsUITests.swift */ = {isa = PBXFileReference; lastKnownFileType = sourcecode.swift; path = LionsTigersBearsUITests.swift; sourceTree = "<group>"; };
		84D59F7D1E3FC821004DD501 /* Info.plist */ = {isa = PBXFileReference; lastKnownFileType = text.plist.xml; path = Info.plist; sourceTree = "<group>"; };
		84D59F8A1E3FCCA0004DD501 /* lionsTigersBears.jpg */ = {isa = PBXFileReference; lastKnownFileType = image.jpeg; path = lionsTigersBears.jpg; sourceTree = "<group>"; };
		84D59F8C1E3FE2BE004DD501 /* LionsVC.swift */ = {isa = PBXFileReference; fileEncoding = 4; lastKnownFileType = sourcecode.swift; path = LionsVC.swift; sourceTree = "<group>"; };
		84D59F8E1E3FE344004DD501 /* Lion.swift */ = {isa = PBXFileReference; fileEncoding = 4; lastKnownFileType = sourcecode.swift; name = Lion.swift; path = ../Lion.swift; sourceTree = "<group>"; };
/* End PBXFileReference section */

/* Begin PBXFrameworksBuildPhase section */
		84D59F551E3FC820004DD501 /* Frameworks */ = {
			isa = PBXFrameworksBuildPhase;
			buildActionMask = 2147483647;
			files = (
			);
			runOnlyForDeploymentPostprocessing = 0;
		};
		84D59F691E3FC820004DD501 /* Frameworks */ = {
			isa = PBXFrameworksBuildPhase;
			buildActionMask = 2147483647;
			files = (
			);
			runOnlyForDeploymentPostprocessing = 0;
		};
		84D59F741E3FC821004DD501 /* Frameworks */ = {
			isa = PBXFrameworksBuildPhase;
			buildActionMask = 2147483647;
			files = (
			);
			runOnlyForDeploymentPostprocessing = 0;
		};
/* End PBXFrameworksBuildPhase section */

/* Begin PBXGroup section */
		70B544F31E413E7500EEDF20 /* Tigers */ = {
			isa = PBXGroup;
			children = (
				70B5451A1E413F9F00EEDF20 /* bengal.jpg */,
				70B5451E1E413FAB00EEDF20 /* indochinese.jpg */,
				70B545241E413FB900EEDF20 /* siberian.jpg */,
				70B545261E413FBE00EEDF20 /* south-china.jpg */,
				70B545221E413FB500EEDF20 /* malayan.jpg */,
				70B5451C1E413FA500EEDF20 /* caspian.jpg */,
				70B545201E413FB000EEDF20 /* javan.jpg */,
				70B545181E413F9700EEDF20 /* bali.jpg */,
			);
			name = Tigers;
			sourceTree = "<group>";
		};
		70B544F41E413EAD00EEDF20 /* Images */ = {
			isa = PBXGroup;
			children = (
				84D59F8A1E3FCCA0004DD501 /* lionsTigersBears.jpg */,
				70B544F51E413ED700EEDF20 /* Bears */,
				84D59F891E3FCC5E004DD501 /* Lions */,
				70B544F31E413E7500EEDF20 /* Tigers */,
			);
			name = Images;
			sourceTree = "<group>";
		};
		70B544F51E413ED700EEDF20 /* Bears */ = {
			isa = PBXGroup;
			children = (
				70B5450A1E413F5B00EEDF20 /* Asiatic-Black-bear.jpg */,
				70B5450C1E413F6D00EEDF20 /* BlackBear.jpg */,
				70B545161E413F8B00EEDF20 /* Sun-Bear.jpg */,
				70B545121E413F8100EEDF20 /* polar-bear.jpg */,
				70B545141E413F8600EEDF20 /* Sloth-bear.jpg */,
				70B545101E413F7C00EEDF20 /* panda.jpg */,
				70B5450E1E413F7500EEDF20 /* Brown.jpg */,
				70B545081E413F5500EEDF20 /* Andean-bear.jpg */,
			);
			name = Bears;
			sourceTree = "<group>";
		};
		84D59F4F1E3FC820004DD501 = {
			isa = PBXGroup;
			children = (
				84D59F5A1E3FC820004DD501 /* LionsTigersBears */,
				84D59F6F1E3FC820004DD501 /* LionsTigersBearsTests */,
				84D59F7A1E3FC821004DD501 /* LionsTigersBearsUITests */,
				84D59F591E3FC820004DD501 /* Products */,
			);
			sourceTree = "<group>";
		};
		84D59F591E3FC820004DD501 /* Products */ = {
			isa = PBXGroup;
			children = (
				84D59F581E3FC820004DD501 /* LionsTigersBears.app */,
				84D59F6C1E3FC820004DD501 /* LionsTigersBearsTests.xctest */,
				84D59F771E3FC821004DD501 /* LionsTigersBearsUITests.xctest */,
			);
			name = Products;
			sourceTree = "<group>";
		};
		84D59F5A1E3FC820004DD501 /* LionsTigersBears */ = {
			isa = PBXGroup;
			children = (
				70B544F41E413EAD00EEDF20 /* Images */,
				84D59F5B1E3FC820004DD501 /* AppDelegate.swift */,
				70B5452A1E41403000EEDF20 /* Bear.swift */,
				84D59F8E1E3FE344004DD501 /* Lion.swift */,
				70B545281E41401200EEDF20 /* Tiger.swift */,
				84D59F8C1E3FE2BE004DD501 /* LionsVC.swift */,
				70B5452C1E414D4D00EEDF20 /* LionDetailsVC.swift */,
				70F45D6B1E415DF500739872 /* BearDetailVC.swift */,
				70F45D6D1E415E1100739872 /* TigerDetailsVC.swift */,
				84D59F5D1E3FC820004DD501 /* ViewController.swift */,
				84D59F5F1E3FC820004DD501 /* Main.storyboard */,
				70B5452E1E4152C000EEDF20 /* TigerVC.swift */,
				70B545301E4152D500EEDF20 /* BearVC.swift */,
				84D59F621E3FC820004DD501 /* Assets.xcassets */,
				84D59F641E3FC820004DD501 /* LaunchScreen.storyboard */,
				84D59F671E3FC820004DD501 /* Info.plist */,
			);
			path = LionsTigersBears;
			sourceTree = "<group>";
		};
		84D59F6F1E3FC820004DD501 /* LionsTigersBearsTests */ = {
			isa = PBXGroup;
			children = (
				84D59F701E3FC820004DD501 /* LionsTigersBearsTests.swift */,
				84D59F721E3FC820004DD501 /* Info.plist */,
			);
			path = LionsTigersBearsTests;
			sourceTree = "<group>";
		};
		84D59F7A1E3FC821004DD501 /* LionsTigersBearsUITests */ = {
			isa = PBXGroup;
			children = (
				84D59F7B1E3FC821004DD501 /* LionsTigersBearsUITests.swift */,
				84D59F7D1E3FC821004DD501 /* Info.plist */,
			);
			path = LionsTigersBearsUITests;
			sourceTree = "<group>";
		};
		84D59F891E3FCC5E004DD501 /* Lions */ = {
			isa = PBXGroup;
			children = (
				70B545001E413F3600EEDF20 /* NortheastCongoLion.jpg */,
				70B545021E413F3C00EEDF20 /* TransvaalLion.jpg */,
				70B544FE1E413F3000EEDF20 /* MasaiLion.jpg */,
				70B545061E413F4600EEDF20 /* WhiteLion.jpg */,
				70B544FC1E413F2800EEDF20 /* KatangaLion.jpg */,
				70B544FA1E413F2200EEDF20 /* KalahariLion.jpg */,
				70B545041E413F4100EEDF20 /* WestAfricanLion.jpg */,
				70B544F81E413F1B00EEDF20 /* BarbaryLion.jpg */,
				70B544F61E413F1100EEDF20 /* AsiaticLion.jpg */,
			);
			name = Lions;
			sourceTree = "<group>";
		};
/* End PBXGroup section */

/* Begin PBXNativeTarget section */
		84D59F571E3FC820004DD501 /* LionsTigersBears */ = {
			isa = PBXNativeTarget;
			buildConfigurationList = 84D59F801E3FC821004DD501 /* Build configuration list for PBXNativeTarget "LionsTigersBears" */;
			buildPhases = (
				84D59F541E3FC820004DD501 /* Sources */,
				84D59F551E3FC820004DD501 /* Frameworks */,
				84D59F561E3FC820004DD501 /* Resources */,
			);
			buildRules = (
			);
			dependencies = (
			);
			name = LionsTigersBears;
			productName = LionsTigersBears;
			productReference = 84D59F581E3FC820004DD501 /* LionsTigersBears.app */;
			productType = "com.apple.product-type.application";
		};
		84D59F6B1E3FC820004DD501 /* LionsTigersBearsTests */ = {
			isa = PBXNativeTarget;
			buildConfigurationList = 84D59F831E3FC821004DD501 /* Build configuration list for PBXNativeTarget "LionsTigersBearsTests" */;
			buildPhases = (
				84D59F681E3FC820004DD501 /* Sources */,
				84D59F691E3FC820004DD501 /* Frameworks */,
				84D59F6A1E3FC820004DD501 /* Resources */,
			);
			buildRules = (
			);
			dependencies = (
				84D59F6E1E3FC820004DD501 /* PBXTargetDependency */,
			);
			name = LionsTigersBearsTests;
			productName = LionsTigersBearsTests;
			productReference = 84D59F6C1E3FC820004DD501 /* LionsTigersBearsTests.xctest */;
			productType = "com.apple.product-type.bundle.unit-test";
		};
		84D59F761E3FC821004DD501 /* LionsTigersBearsUITests */ = {
			isa = PBXNativeTarget;
			buildConfigurationList = 84D59F861E3FC821004DD501 /* Build configuration list for PBXNativeTarget "LionsTigersBearsUITests" */;
			buildPhases = (
				84D59F731E3FC821004DD501 /* Sources */,
				84D59F741E3FC821004DD501 /* Frameworks */,
				84D59F751E3FC821004DD501 /* Resources */,
			);
			buildRules = (
			);
			dependencies = (
				84D59F791E3FC821004DD501 /* PBXTargetDependency */,
			);
			name = LionsTigersBearsUITests;
			productName = LionsTigersBearsUITests;
			productReference = 84D59F771E3FC821004DD501 /* LionsTigersBearsUITests.xctest */;
			productType = "com.apple.product-type.bundle.ui-testing";
		};
/* End PBXNativeTarget section */

/* Begin PBXProject section */
		84D59F501E3FC820004DD501 /* Project object */ = {
			isa = PBXProject;
			attributes = {
				LastSwiftUpdateCheck = 0800;
				LastUpgradeCheck = 0800;
				ORGANIZATIONNAME = admin;
				TargetAttributes = {
					84D59F571E3FC820004DD501 = {
						CreatedOnToolsVersion = 8.0;
						ProvisioningStyle = Automatic;
					};
					84D59F6B1E3FC820004DD501 = {
						CreatedOnToolsVersion = 8.0;
						ProvisioningStyle = Automatic;
						TestTargetID = 84D59F571E3FC820004DD501;
					};
					84D59F761E3FC821004DD501 = {
						CreatedOnToolsVersion = 8.0;
						ProvisioningStyle = Automatic;
						TestTargetID = 84D59F571E3FC820004DD501;
					};
				};
			};
			buildConfigurationList = 84D59F531E3FC820004DD501 /* Build configuration list for PBXProject "LionsTigersBears" */;
			compatibilityVersion = "Xcode 3.2";
			developmentRegion = English;
			hasScannedForEncodings = 0;
			knownRegions = (
				en,
				Base,
			);
			mainGroup = 84D59F4F1E3FC820004DD501;
			productRefGroup = 84D59F591E3FC820004DD501 /* Products */;
			projectDirPath = "";
			projectRoot = "";
			targets = (
				84D59F571E3FC820004DD501 /* LionsTigersBears */,
				84D59F6B1E3FC820004DD501 /* LionsTigersBearsTests */,
				84D59F761E3FC821004DD501 /* LionsTigersBearsUITests */,
			);
		};
/* End PBXProject section */

/* Begin PBXResourcesBuildPhase section */
		84D59F561E3FC820004DD501 /* Resources */ = {
			isa = PBXResourcesBuildPhase;
			buildActionMask = 2147483647;
			files = (
				70B545131E413F8100EEDF20 /* polar-bear.jpg in Resources */,
				70B545071E413F4600EEDF20 /* WhiteLion.jpg in Resources */,
				70B545171E413F8B00EEDF20 /* Sun-Bear.jpg in Resources */,
				70B545271E413FBE00EEDF20 /* south-china.jpg in Resources */,
				70B545191E413F9700EEDF20 /* bali.jpg in Resources */,
				70B545251E413FB900EEDF20 /* siberian.jpg in Resources */,
				70B5451B1E413F9F00EEDF20 /* bengal.jpg in Resources */,
				84D59F661E3FC820004DD501 /* LaunchScreen.storyboard in Resources */,
				70B545011E413F3600EEDF20 /* NortheastCongoLion.jpg in Resources */,
				70B5451F1E413FAB00EEDF20 /* indochinese.jpg in Resources */,
				70B5450D1E413F6D00EEDF20 /* BlackBear.jpg in Resources */,
				70B5450F1E413F7500EEDF20 /* Brown.jpg in Resources */,
				70B544F71E413F1100EEDF20 /* AsiaticLion.jpg in Resources */,
				70B545051E413F4100EEDF20 /* WestAfricanLion.jpg in Resources */,
				84D59F631E3FC820004DD501 /* Assets.xcassets in Resources */,
				84D59F611E3FC820004DD501 /* Main.storyboard in Resources */,
				84D59F8B1E3FCCA0004DD501 /* lionsTigersBears.jpg in Resources */,
				70B545091E413F5500EEDF20 /* Andean-bear.jpg in Resources */,
				70B5450B1E413F5B00EEDF20 /* Asiatic-Black-bear.jpg in Resources */,
				70B544FF1E413F3000EEDF20 /* MasaiLion.jpg in Resources */,
				70B545231E413FB500EEDF20 /* malayan.jpg in Resources */,
				70B5451D1E413FA500EEDF20 /* caspian.jpg in Resources */,
				70B544FB1E413F2200EEDF20 /* KalahariLion.jpg in Resources */,
				70B545211E413FB000EEDF20 /* javan.jpg in Resources */,
				70B545111E413F7C00EEDF20 /* panda.jpg in Resources */,
				70B544F91E413F1B00EEDF20 /* BarbaryLion.jpg in Resources */,
				70B545031E413F3C00EEDF20 /* TransvaalLion.jpg in Resources */,
				70B545151E413F8600EEDF20 /* Sloth-bear.jpg in Resources */,
				70B544FD1E413F2800EEDF20 /* KatangaLion.jpg in Resources */,
			);
			runOnlyForDeploymentPostprocessing = 0;
		};
		84D59F6A1E3FC820004DD501 /* Resources */ = {
			isa = PBXResourcesBuildPhase;
			buildActionMask = 2147483647;
			files = (
			);
			runOnlyForDeploymentPostprocessing = 0;
		};
		84D59F751E3FC821004DD501 /* Resources */ = {
			isa = PBXResourcesBuildPhase;
			buildActionMask = 2147483647;
			files = (
			);
			runOnlyForDeploymentPostprocessing = 0;
		};
/* End PBXResourcesBuildPhase section */

/* Begin PBXSourcesBuildPhase section */
		84D59F541E3FC820004DD501 /* Sources */ = {
			isa = PBXSourcesBuildPhase;
			buildActionMask = 2147483647;
			files = (
				84D59F5E1E3FC820004DD501 /* ViewController.swift in Sources */,
				84D59F5C1E3FC820004DD501 /* AppDelegate.swift in Sources */,
				70B5452D1E414D4D00EEDF20 /* LionDetailsVC.swift in Sources */,
				84D59F8D1E3FE2BE004DD501 /* LionsVC.swift in Sources */,
				70B5452F1E4152C000EEDF20 /* TigerVC.swift in Sources */,
				70B545311E4152D500EEDF20 /* BearVC.swift in Sources */,
				84D59F8F1E3FE344004DD501 /* Lion.swift in Sources */,
				70F45D6C1E415DF500739872 /* BearDetailVC.swift in Sources */,
				70B545291E41401200EEDF20 /* Tiger.swift in Sources */,
				70F45D6E1E415E1100739872 /* TigerDetailsVC.swift in Sources */,
				70B5452B1E41403000EEDF20 /* Bear.swift in Sources */,
			);
			runOnlyForDeploymentPostprocessing = 0;
		};
		84D59F681E3FC820004DD501 /* Sources */ = {
			isa = PBXSourcesBuildPhase;
			buildActionMask = 2147483647;
			files = (
				84D59F711E3FC820004DD501 /* LionsTigersBearsTests.swift in Sources */,
			);
			runOnlyForDeploymentPostprocessing = 0;
		};
		84D59F731E3FC821004DD501 /* Sources */ = {
			isa = PBXSourcesBuildPhase;
			buildActionMask = 2147483647;
			files = (
				84D59F7C1E3FC821004DD501 /* LionsTigersBearsUITests.swift in Sources */,
			);
			runOnlyForDeploymentPostprocessing = 0;
		};
/* End PBXSourcesBuildPhase section */

/* Begin PBXTargetDependency section */
		84D59F6E1E3FC820004DD501 /* PBXTargetDependency */ = {
			isa = PBXTargetDependency;
			target = 84D59F571E3FC820004DD501 /* LionsTigersBears */;
			targetProxy = 84D59F6D1E3FC820004DD501 /* PBXContainerItemProxy */;
		};
		84D59F791E3FC821004DD501 /* PBXTargetDependency */ = {
			isa = PBXTargetDependency;
			target = 84D59F571E3FC820004DD501 /* LionsTigersBears */;
			targetProxy = 84D59F781E3FC821004DD501 /* PBXContainerItemProxy */;
		};
/* End PBXTargetDependency section */

/* Begin PBXVariantGroup section */
		84D59F5F1E3FC820004DD501 /* Main.storyboard */ = {
			isa = PBXVariantGroup;
			children = (
				84D59F601E3FC820004DD501 /* Base */,
			);
			name = Main.storyboard;
			sourceTree = "<group>";
		};
		84D59F641E3FC820004DD501 /* LaunchScreen.storyboard */ = {
			isa = PBXVariantGroup;
			children = (
				84D59F651E3FC820004DD501 /* Base */,
			);
			name = LaunchScreen.storyboard;
			sourceTree = "<group>";
		};
/* End PBXVariantGroup section */

/* Begin XCBuildConfiguration section */
		84D59F7E1E3FC821004DD501 /* Debug */ = {
			isa = XCBuildConfiguration;
			buildSettings = {
				ALWAYS_SEARCH_USER_PATHS = NO;
				CLANG_ANALYZER_NONNULL = YES;
				CLANG_CXX_LANGUAGE_STANDARD = "gnu++0x";
				CLANG_CXX_LIBRARY = "libc++";
				CLANG_ENABLE_MODULES = YES;
				CLANG_ENABLE_OBJC_ARC = YES;
				CLANG_WARN_BOOL_CONVERSION = YES;
				CLANG_WARN_CONSTANT_CONVERSION = YES;
				CLANG_WARN_DIRECT_OBJC_ISA_USAGE = YES_ERROR;
				CLANG_WARN_DOCUMENTATION_COMMENTS = YES;
				CLANG_WARN_EMPTY_BODY = YES;
				CLANG_WARN_ENUM_CONVERSION = YES;
				CLANG_WARN_INFINITE_RECURSION = YES;
				CLANG_WARN_INT_CONVERSION = YES;
				CLANG_WARN_OBJC_ROOT_CLASS = YES_ERROR;
				CLANG_WARN_SUSPICIOUS_MOVES = YES;
				CLANG_WARN_UNREACHABLE_CODE = YES;
				CLANG_WARN__DUPLICATE_METHOD_MATCH = YES;
				"CODE_SIGN_IDENTITY[sdk=iphoneos*]" = "iPhone Developer";
				COPY_PHASE_STRIP = NO;
				DEBUG_INFORMATION_FORMAT = dwarf;
				ENABLE_STRICT_OBJC_MSGSEND = YES;
				ENABLE_TESTABILITY = YES;
				GCC_C_LANGUAGE_STANDARD = gnu99;
				GCC_DYNAMIC_NO_PIC = NO;
				GCC_NO_COMMON_BLOCKS = YES;
				GCC_OPTIMIZATION_LEVEL = 0;
				GCC_PREPROCESSOR_DEFINITIONS = (
					"DEBUG=1",
					"$(inherited)",
				);
				GCC_WARN_64_TO_32_BIT_CONVERSION = YES;
				GCC_WARN_ABOUT_RETURN_TYPE = YES_ERROR;
				GCC_WARN_UNDECLARED_SELECTOR = YES;
				GCC_WARN_UNINITIALIZED_AUTOS = YES_AGGRESSIVE;
				GCC_WARN_UNUSED_FUNCTION = YES;
				GCC_WARN_UNUSED_VARIABLE = YES;
				IPHONEOS_DEPLOYMENT_TARGET = 10.0;
				MTL_ENABLE_DEBUG_INFO = YES;
				ONLY_ACTIVE_ARCH = YES;
				SDKROOT = iphoneos;
				SWIFT_ACTIVE_COMPILATION_CONDITIONS = DEBUG;
				SWIFT_OPTIMIZATION_LEVEL = "-Onone";
				TARGETED_DEVICE_FAMILY = "1,2";
			};
			name = Debug;
		};
		84D59F7F1E3FC821004DD501 /* Release */ = {
			isa = XCBuildConfiguration;
			buildSettings = {
				ALWAYS_SEARCH_USER_PATHS = NO;
				CLANG_ANALYZER_NONNULL = YES;
				CLANG_CXX_LANGUAGE_STANDARD = "gnu++0x";
				CLANG_CXX_LIBRARY = "libc++";
				CLANG_ENABLE_MODULES = YES;
				CLANG_ENABLE_OBJC_ARC = YES;
				CLANG_WARN_BOOL_CONVERSION = YES;
				CLANG_WARN_CONSTANT_CONVERSION = YES;
				CLANG_WARN_DIRECT_OBJC_ISA_USAGE = YES_ERROR;
				CLANG_WARN_DOCUMENTATION_COMMENTS = YES;
				CLANG_WARN_EMPTY_BODY = YES;
				CLANG_WARN_ENUM_CONVERSION = YES;
				CLANG_WARN_INFINITE_RECURSION = YES;
				CLANG_WARN_INT_CONVERSION = YES;
				CLANG_WARN_OBJC_ROOT_CLASS = YES_ERROR;
				CLANG_WARN_SUSPICIOUS_MOVES = YES;
				CLANG_WARN_UNREACHABLE_CODE = YES;
				CLANG_WARN__DUPLICATE_METHOD_MATCH = YES;
				"CODE_SIGN_IDENTITY[sdk=iphoneos*]" = "iPhone Developer";
				COPY_PHASE_STRIP = NO;
				DEBUG_INFORMATION_FORMAT = "dwarf-with-dsym";
				ENABLE_NS_ASSERTIONS = NO;
				ENABLE_STRICT_OBJC_MSGSEND = YES;
				GCC_C_LANGUAGE_STANDARD = gnu99;
				GCC_NO_COMMON_BLOCKS = YES;
				GCC_WARN_64_TO_32_BIT_CONVERSION = YES;
				GCC_WARN_ABOUT_RETURN_TYPE = YES_ERROR;
				GCC_WARN_UNDECLARED_SELECTOR = YES;
				GCC_WARN_UNINITIALIZED_AUTOS = YES_AGGRESSIVE;
				GCC_WARN_UNUSED_FUNCTION = YES;
				GCC_WARN_UNUSED_VARIABLE = YES;
				IPHONEOS_DEPLOYMENT_TARGET = 10.0;
				MTL_ENABLE_DEBUG_INFO = NO;
				SDKROOT = iphoneos;
				SWIFT_OPTIMIZATION_LEVEL = "-Owholemodule";
				TARGETED_DEVICE_FAMILY = "1,2";
				VALIDATE_PRODUCT = YES;
			};
			name = Release;
		};
		84D59F811E3FC821004DD501 /* Debug */ = {
			isa = XCBuildConfiguration;
			buildSettings = {
				ASSETCATALOG_COMPILER_APPICON_NAME = AppIcon;
				INFOPLIST_FILE = LionsTigersBears/Info.plist;
				LD_RUNPATH_SEARCH_PATHS = "$(inherited) @executable_path/Frameworks";
				PRODUCT_BUNDLE_IDENTIFIER = edu.tstc.phyllis.LionsTigersBears;
				PRODUCT_NAME = "$(TARGET_NAME)";
				SWIFT_VERSION = 3.0;
			};
			name = Debug;
		};
		84D59F821E3FC821004DD501 /* Release */ = {
			isa = XCBuildConfiguration;
			buildSettings = {
				ASSETCATALOG_COMPILER_APPICON_NAME = AppIcon;
				INFOPLIST_FILE = LionsTigersBears/Info.plist;
				LD_RUNPATH_SEARCH_PATHS = "$(inherited) @executable_path/Frameworks";
				PRODUCT_BUNDLE_IDENTIFIER = edu.tstc.phyllis.LionsTigersBears;
				PRODUCT_NAME = "$(TARGET_NAME)";
				SWIFT_VERSION = 3.0;
			};
			name = Release;
		};
		84D59F841E3FC821004DD501 /* Debug */ = {
			isa = XCBuildConfiguration;
			buildSettings = {
				ALWAYS_EMBED_SWIFT_STANDARD_LIBRARIES = YES;
				BUNDLE_LOADER = "$(TEST_HOST)";
				INFOPLIST_FILE = LionsTigersBearsTests/Info.plist;
				LD_RUNPATH_SEARCH_PATHS = "$(inherited) @executable_path/Frameworks @loader_path/Frameworks";
				PRODUCT_BUNDLE_IDENTIFIER = edu.tstc.phyllis.LionsTigersBearsTests;
				PRODUCT_NAME = "$(TARGET_NAME)";
				SWIFT_VERSION = 3.0;
				TEST_HOST = "$(BUILT_PRODUCTS_DIR)/LionsTigersBears.app/LionsTigersBears";
			};
			name = Debug;
		};
		84D59F851E3FC821004DD501 /* Release */ = {
			isa = XCBuildConfiguration;
			buildSettings = {
				ALWAYS_EMBED_SWIFT_STANDARD_LIBRARIES = YES;
				BUNDLE_LOADER = "$(TEST_HOST)";
				INFOPLIST_FILE = LionsTigersBearsTests/Info.plist;
				LD_RUNPATH_SEARCH_PATHS = "$(inherited) @executable_path/Frameworks @loader_path/Frameworks";
				PRODUCT_BUNDLE_IDENTIFIER = edu.tstc.phyllis.LionsTigersBearsTests;
				PRODUCT_NAME = "$(TARGET_NAME)";
				SWIFT_VERSION = 3.0;
				TEST_HOST = "$(BUILT_PRODUCTS_DIR)/LionsTigersBears.app/LionsTigersBears";
			};
			name = Release;
		};
		84D59F871E3FC821004DD501 /* Debug */ = {
			isa = XCBuildConfiguration;
			buildSettings = {
				ALWAYS_EMBED_SWIFT_STANDARD_LIBRARIES = YES;
				INFOPLIST_FILE = LionsTigersBearsUITests/Info.plist;
				LD_RUNPATH_SEARCH_PATHS = "$(inherited) @executable_path/Frameworks @loader_path/Frameworks";
				PRODUCT_BUNDLE_IDENTIFIER = edu.tstc.phyllis.LionsTigersBearsUITests;
				PRODUCT_NAME = "$(TARGET_NAME)";
				SWIFT_VERSION = 3.0;
				TEST_TARGET_NAME = LionsTigersBears;
			};
			name = Debug;
		};
		84D59F881E3FC821004DD501 /* Release */ = {
			isa = XCBuildConfiguration;
			buildSettings = {
				ALWAYS_EMBED_SWIFT_STANDARD_LIBRARIES = YES;
				INFOPLIST_FILE = LionsTigersBearsUITests/Info.plist;
				LD_RUNPATH_SEARCH_PATHS = "$(inherited) @executable_path/Frameworks @loader_path/Frameworks";
				PRODUCT_BUNDLE_IDENTIFIER = edu.tstc.phyllis.LionsTigersBearsUITests;
				PRODUCT_NAME = "$(TARGET_NAME)";
				SWIFT_VERSION = 3.0;
				TEST_TARGET_NAME = LionsTigersBears;
			};
			name = Release;
		};
/* End XCBuildConfiguration section */

/* Begin XCConfigurationList section */
		84D59F531E3FC820004DD501 /* Build configuration list for PBXProject "LionsTigersBears" */ = {
			isa = XCConfigurationList;
			buildConfigurations = (
				84D59F7E1E3FC821004DD501 /* Debug */,
				84D59F7F1E3FC821004DD501 /* Release */,
			);
			defaultConfigurationIsVisible = 0;
			defaultConfigurationName = Release;
		};
		84D59F801E3FC821004DD501 /* Build configuration list for PBXNativeTarget "LionsTigersBears" */ = {
			isa = XCConfigurationList;
			buildConfigurations = (
				84D59F811E3FC821004DD501 /* Debug */,
				84D59F821E3FC821004DD501 /* Release */,
			);
			defaultConfigurationIsVisible = 0;
			defaultConfigurationName = Release;
		};
		84D59F831E3FC821004DD501 /* Build configuration list for PBXNativeTarget "LionsTigersBearsTests" */ = {
			isa = XCConfigurationList;
			buildConfigurations = (
				84D59F841E3FC821004DD501 /* Debug */,
				84D59F851E3FC821004DD501 /* Release */,
			);
			defaultConfigurationIsVisible = 0;
			defaultConfigurationName = Release;
		};
		84D59F861E3FC821004DD501 /* Build configuration list for PBXNativeTarget "LionsTigersBearsUITests" */ = {
			isa = XCConfigurationList;
			buildConfigurations = (
				84D59F871E3FC821004DD501 /* Debug */,
				84D59F881E3FC821004DD501 /* Release */,
			);
			defaultConfigurationIsVisible = 0;
			defaultConfigurationName = Release;
		};
/* End XCConfigurationList section */
	};
	rootObject = 84D59F501E3FC820004DD501 /* Project object */;
}
